
Microsoft Visual Studio Solution File, Format Version 12.00
# Visual Studio Version 17
VisualStudioVersion = 17.4.33213.308
MinimumVisualStudioVersion = 10.0.40219.1
Project("{FAE04EC0-301F-11D3-BF4B-00C04F79EFBC}") = "DuplicateElements", "DuplicateElements\DuplicateElements.csproj", "{8D87FE7D-2E82-48FA-AD9D-77A5CC6EBE90}"
EndProject
Global
	GlobalSection(SolutionConfigurationPlatforms) = preSolution
		Debug|Any CPU = Debug|Any CPU
		Release|Any CPU = Release|Any CPU
	EndGlobalSection
	GlobalSection(ProjectConfigurationPlatforms) = postSolution
		{8D87FE7D-2E82-48FA-AD9D-77A5CC6EBE90}.Debug|Any CPU.ActiveCfg = Debug|Any CPU
		{8D87FE7D-2E82-48FA-AD9D-77A5CC6EBE90}.Debug|Any CPU.Build.0 = Debug|Any CPU
		{8D87FE7D-2E82-48FA-AD9D-77A5CC6EBE90}.Release|Any CPU.ActiveCfg = Release|Any CPU
		{8D87FE7D-2E82-48FA-AD9D-77A5CC6EBE90}.Release|Any CPU.Build.0 = Release|Any CPU
	EndGlobalSection
	GlobalSection(SolutionProperties) = preSolution
		HideSolutionNode = FALSE
	EndGlobalSection
	GlobalSection(ExtensibilityGlobals) = postSolution
		SolutionGuid = {D6A72710-4D66-4357-8DA9-668D67BB0D80}
	EndGlobalSection
EndGlobal
