
Microsoft Visual Studio Solution File, Format Version 12.00
# Visual Studio Version 17
VisualStudioVersion = 17.4.33213.308
MinimumVisualStudioVersion = 10.0.40219.1
Project("{FAE04EC0-301F-11D3-BF4B-00C04F79EFBC}") = "UniqueElements", "UniqueElements\UniqueElements.csproj", "{A6EDED93-33B8-4D49-8932-2FABDD6D4206}"
EndProject
Global
	GlobalSection(SolutionConfigurationPlatforms) = preSolution
		Debug|Any CPU = Debug|Any CPU
		Release|Any CPU = Release|Any CPU
	EndGlobalSection
	GlobalSection(ProjectConfigurationPlatforms) = postSolution
		{A6EDED93-33B8-4D49-8932-2FABDD6D4206}.Debug|Any CPU.ActiveCfg = Debug|Any CPU
		{A6EDED93-33B8-4D49-8932-2FABDD6D4206}.Debug|Any CPU.Build.0 = Debug|Any CPU
		{A6EDED93-33B8-4D49-8932-2FABDD6D4206}.Release|Any CPU.ActiveCfg = Release|Any CPU
		{A6EDED93-33B8-4D49-8932-2FABDD6D4206}.Release|Any CPU.Build.0 = Release|Any CPU
	EndGlobalSection
	GlobalSection(SolutionProperties) = preSolution
		HideSolutionNode = FALSE
	EndGlobalSection
	GlobalSection(ExtensibilityGlobals) = postSolution
		SolutionGuid = {87457D9C-5FEA-4944-A412-DDA740C97F93}
	EndGlobalSection
EndGlobal
